
Microsoft Visual Studio Solution File, Format Version 12.00
# Visual Studio Version 17
VisualStudioVersion = 17.0.31919.166
MinimumVisualStudioVersion = 10.0.40219.1
Project("{FAE04EC0-301F-11D3-BF4B-00C04F79EFBC}") = "TestApp2", "TestApp2\TestApp2.csproj", "{E351F3FA-E6BB-417E-A5F3-0B6A2739E8DD}"
EndProject
Global
	GlobalSection(SolutionConfigurationPlatforms) = preSolution
		Debug|Any CPU = Debug|Any CPU
		Release|Any CPU = Release|Any CPU
	EndGlobalSection
	GlobalSection(ProjectConfigurationPlatforms) = postSolution
		{E351F3FA-E6BB-417E-A5F3-0B6A2739E8DD}.Debug|Any CPU.ActiveCfg = Debug|Any CPU
		{E351F3FA-E6BB-417E-A5F3-0B6A2739E8DD}.Debug|Any CPU.Build.0 = Debug|Any CPU
		{E351F3FA-E6BB-417E-A5F3-0B6A2739E8DD}.Release|Any CPU.ActiveCfg = Release|Any CPU
		{E351F3FA-E6BB-417E-A5F3-0B6A2739E8DD}.Release|Any CPU.Build.0 = Release|Any CPU
	EndGlobalSection
	GlobalSection(SolutionProperties) = preSolution
		HideSolutionNode = FALSE
	EndGlobalSection
	GlobalSection(ExtensibilityGlobals) = postSolution
		SolutionGuid = {F4A71473-9F91-40CA-870A-7A359E16E213}
	EndGlobalSection
EndGlobal
